// !$*UTF8*$!
{
	archiveVersion = 1;
	classes = {
	};
	objectVersion = 46;
	objects = {

/* Begin PBXBuildFile section */
		04302AFF938C386AF5F966AD /* Pods_MDBSocials.framework in Frameworks */ = {isa = PBXBuildFile; fileRef = 2993B183A1529E19FC6A2BB7 /* Pods_MDBSocials.framework */; };
		51F827451E601FF30018E18F /* AppDelegate.swift in Sources */ = {isa = PBXBuildFile; fileRef = 51F827441E601FF30018E18F /* AppDelegate.swift */; };
		51F8274A1E601FF30018E18F /* Main.storyboard in Resources */ = {isa = PBXBuildFile; fileRef = 51F827481E601FF30018E18F /* Main.storyboard */; };
		51F8274C1E601FF30018E18F /* Assets.xcassets in Resources */ = {isa = PBXBuildFile; fileRef = 51F8274B1E601FF30018E18F /* Assets.xcassets */; };
		51F8274F1E601FF30018E18F /* LaunchScreen.storyboard in Resources */ = {isa = PBXBuildFile; fileRef = 51F8274D1E601FF30018E18F /* LaunchScreen.storyboard */; };
		51F8275A1E601FF30018E18F /* MDBSocialsTests.swift in Sources */ = {isa = PBXBuildFile; fileRef = 51F827591E601FF30018E18F /* MDBSocialsTests.swift */; };
		51F827651E601FF30018E18F /* MDBSocialsUITests.swift in Sources */ = {isa = PBXBuildFile; fileRef = 51F827641E601FF30018E18F /* MDBSocialsUITests.swift */; };
		51F827751E6021D40018E18F /* LoginViewController.swift in Sources */ = {isa = PBXBuildFile; fileRef = 51F827741E6021D40018E18F /* LoginViewController.swift */; };
		51F827791E602B480018E18F /* SignupViewController.swift in Sources */ = {isa = PBXBuildFile; fileRef = 51F827781E602B480018E18F /* SignupViewController.swift */; };
		51F8277B1E6049130018E18F /* FeedViewController.swift in Sources */ = {isa = PBXBuildFile; fileRef = 51F8277A1E6049130018E18F /* FeedViewController.swift */; };
		51F827831E6050490018E18F /* PostCollectionViewCell.swift in Sources */ = {isa = PBXBuildFile; fileRef = 51F827821E6050490018E18F /* PostCollectionViewCell.swift */; };
		51F827851E60510B0018E18F /* Post.swift in Sources */ = {isa = PBXBuildFile; fileRef = 51F827841E60510B0018E18F /* Post.swift */; };
		51F827871E6125740018E18F /* User.swift in Sources */ = {isa = PBXBuildFile; fileRef = 51F827861E6125740018E18F /* User.swift */; };
		51F827891E61A3230018E18F /* GoogleService-Info.plist in Resources */ = {isa = PBXBuildFile; fileRef = 51F827881E61A3230018E18F /* GoogleService-Info.plist */; };
		51F8278B1E61B6DF0018E18F /* DetailViewController.swift in Sources */ = {isa = PBXBuildFile; fileRef = 51F8278A1E61B6DF0018E18F /* DetailViewController.swift */; };
		51F8278D1E61D2450018E18F /* NewSocialViewController.swift in Sources */ = {isa = PBXBuildFile; fileRef = 51F8278C1E61D2450018E18F /* NewSocialViewController.swift */; };
		51F827CB1E6916BF0018E18F /* InterestedUsersTableViewCell.swift in Sources */ = {isa = PBXBuildFile; fileRef = 51F827CA1E6916BF0018E18F /* InterestedUsersTableViewCell.swift */; };
		51F827CD1E6917D40018E18F /* InterestedUsersViewController.swift in Sources */ = {isa = PBXBuildFile; fileRef = 51F827CC1E6917D40018E18F /* InterestedUsersViewController.swift */; };
		51F827CF1E69FCE70018E18F /* Constants.swift in Sources */ = {isa = PBXBuildFile; fileRef = 51F827CE1E69FCE70018E18F /* Constants.swift */; };
		6C729EED7759DE6C81921653 /* Pods_MDBSocialsUITests.framework in Frameworks */ = {isa = PBXBuildFile; fileRef = E8F60BAC22E038BE5F819653 /* Pods_MDBSocialsUITests.framework */; };
		AAF3EE51F263478F2E1ADEBB /* Pods_MDBSocialsTests.framework in Frameworks */ = {isa = PBXBuildFile; fileRef = C73F79819AF503A9197DBFDB /* Pods_MDBSocialsTests.framework */; };
/* End PBXBuildFile section */

/* Begin PBXContainerItemProxy section */
		51F827561E601FF30018E18F /* PBXContainerItemProxy */ = {
			isa = PBXContainerItemProxy;
			containerPortal = 51F827391E601FF30018E18F /* Project object */;
			proxyType = 1;
			remoteGlobalIDString = 51F827401E601FF30018E18F;
			remoteInfo = MDBSocials;
		};
		51F827611E601FF30018E18F /* PBXContainerItemProxy */ = {
			isa = PBXContainerItemProxy;
			containerPortal = 51F827391E601FF30018E18F /* Project object */;
			proxyType = 1;
			remoteGlobalIDString = 51F827401E601FF30018E18F;
			remoteInfo = MDBSocials;
		};
/* End PBXContainerItemProxy section */

/* Begin PBXFileReference section */
		2993B183A1529E19FC6A2BB7 /* Pods_MDBSocials.framework */ = {isa = PBXFileReference; explicitFileType = wrapper.framework; includeInIndex = 0; path = Pods_MDBSocials.framework; sourceTree = BUILT_PRODUCTS_DIR; };
		51F827411E601FF30018E18F /* MDBSocials.app */ = {isa = PBXFileReference; explicitFileType = wrapper.application; includeInIndex = 0; path = MDBSocials.app; sourceTree = BUILT_PRODUCTS_DIR; };
		51F827441E601FF30018E18F /* AppDelegate.swift */ = {isa = PBXFileReference; lastKnownFileType = sourcecode.swift; path = AppDelegate.swift; sourceTree = "<group>"; };
		51F827491E601FF30018E18F /* Base */ = {isa = PBXFileReference; lastKnownFileType = file.storyboard; name = Base; path = Base.lproj/Main.storyboard; sourceTree = "<group>"; };
		51F8274B1E601FF30018E18F /* Assets.xcassets */ = {isa = PBXFileReference; lastKnownFileType = folder.assetcatalog; path = Assets.xcassets; sourceTree = "<group>"; };
		51F8274E1E601FF30018E18F /* Base */ = {isa = PBXFileReference; lastKnownFileType = file.storyboard; name = Base; path = Base.lproj/LaunchScreen.storyboard; sourceTree = "<group>"; };
		51F827501E601FF30018E18F /* Info.plist */ = {isa = PBXFileReference; lastKnownFileType = text.plist.xml; path = Info.plist; sourceTree = "<group>"; };
		51F827551E601FF30018E18F /* MDBSocialsTests.xctest */ = {isa = PBXFileReference; explicitFileType = wrapper.cfbundle; includeInIndex = 0; path = MDBSocialsTests.xctest; sourceTree = BUILT_PRODUCTS_DIR; };
		51F827591E601FF30018E18F /* MDBSocialsTests.swift */ = {isa = PBXFileReference; lastKnownFileType = sourcecode.swift; path = MDBSocialsTests.swift; sourceTree = "<group>"; };
		51F8275B1E601FF30018E18F /* Info.plist */ = {isa = PBXFileReference; lastKnownFileType = text.plist.xml; path = Info.plist; sourceTree = "<group>"; };
		51F827601E601FF30018E18F /* MDBSocialsUITests.xctest */ = {isa = PBXFileReference; explicitFileType = wrapper.cfbundle; includeInIndex = 0; path = MDBSocialsUITests.xctest; sourceTree = BUILT_PRODUCTS_DIR; };
		51F827641E601FF30018E18F /* MDBSocialsUITests.swift */ = {isa = PBXFileReference; lastKnownFileType = sourcecode.swift; path = MDBSocialsUITests.swift; sourceTree = "<group>"; };
		51F827661E601FF30018E18F /* Info.plist */ = {isa = PBXFileReference; lastKnownFileType = text.plist.xml; path = Info.plist; sourceTree = "<group>"; };
		51F827741E6021D40018E18F /* LoginViewController.swift */ = {isa = PBXFileReference; fileEncoding = 4; lastKnownFileType = sourcecode.swift; path = LoginViewController.swift; sourceTree = "<group>"; };
		51F827781E602B480018E18F /* SignupViewController.swift */ = {isa = PBXFileReference; fileEncoding = 4; lastKnownFileType = sourcecode.swift; path = SignupViewController.swift; sourceTree = "<group>"; };
		51F8277A1E6049130018E18F /* FeedViewController.swift */ = {isa = PBXFileReference; fileEncoding = 4; lastKnownFileType = sourcecode.swift; path = FeedViewController.swift; sourceTree = "<group>"; };
		51F827821E6050490018E18F /* PostCollectionViewCell.swift */ = {isa = PBXFileReference; fileEncoding = 4; lastKnownFileType = sourcecode.swift; path = PostCollectionViewCell.swift; sourceTree = "<group>"; };
		51F827841E60510B0018E18F /* Post.swift */ = {isa = PBXFileReference; fileEncoding = 4; lastKnownFileType = sourcecode.swift; path = Post.swift; sourceTree = "<group>"; };
		51F827861E6125740018E18F /* User.swift */ = {isa = PBXFileReference; fileEncoding = 4; lastKnownFileType = sourcecode.swift; path = User.swift; sourceTree = "<group>"; };
		51F827881E61A3230018E18F /* GoogleService-Info.plist */ = {isa = PBXFileReference; fileEncoding = 4; lastKnownFileType = text.plist.xml; name = "GoogleService-Info.plist"; path = "../../../Downloads/GoogleService-Info.plist"; sourceTree = "<group>"; };
		51F8278A1E61B6DF0018E18F /* DetailViewController.swift */ = {isa = PBXFileReference; fileEncoding = 4; lastKnownFileType = sourcecode.swift; path = DetailViewController.swift; sourceTree = "<group>"; };
		51F8278C1E61D2450018E18F /* NewSocialViewController.swift */ = {isa = PBXFileReference; fileEncoding = 4; lastKnownFileType = sourcecode.swift; path = NewSocialViewController.swift; sourceTree = "<group>"; };
		51F827CA1E6916BF0018E18F /* InterestedUsersTableViewCell.swift */ = {isa = PBXFileReference; fileEncoding = 4; lastKnownFileType = sourcecode.swift; path = InterestedUsersTableViewCell.swift; sourceTree = "<group>"; };
		51F827CC1E6917D40018E18F /* InterestedUsersViewController.swift */ = {isa = PBXFileReference; fileEncoding = 4; lastKnownFileType = sourcecode.swift; path = InterestedUsersViewController.swift; sourceTree = "<group>"; };
		51F827CE1E69FCE70018E18F /* Constants.swift */ = {isa = PBXFileReference; fileEncoding = 4; lastKnownFileType = sourcecode.swift; path = Constants.swift; sourceTree = "<group>"; };
		5AEBB0DC4C0520EB605A1094 /* Pods-MDBSocialsUITests.debug.xcconfig */ = {isa = PBXFileReference; includeInIndex = 1; lastKnownFileType = text.xcconfig; name = "Pods-MDBSocialsUITests.debug.xcconfig"; path = "Pods/Target Support Files/Pods-MDBSocialsUITests/Pods-MDBSocialsUITests.debug.xcconfig"; sourceTree = "<group>"; };
		5D190BEDADC11F3D96ED7098 /* Pods-MDBSocials.release.xcconfig */ = {isa = PBXFileReference; includeInIndex = 1; lastKnownFileType = text.xcconfig; name = "Pods-MDBSocials.release.xcconfig"; path = "Pods/Target Support Files/Pods-MDBSocials/Pods-MDBSocials.release.xcconfig"; sourceTree = "<group>"; };
		9011DA15595570A87FDB703B /* Pods-MDBSocialsTests.debug.xcconfig */ = {isa = PBXFileReference; includeInIndex = 1; lastKnownFileType = text.xcconfig; name = "Pods-MDBSocialsTests.debug.xcconfig"; path = "Pods/Target Support Files/Pods-MDBSocialsTests/Pods-MDBSocialsTests.debug.xcconfig"; sourceTree = "<group>"; };
		B7B82E957A9E3E454C89C6F5 /* Pods-MDBSocialsTests.release.xcconfig */ = {isa = PBXFileReference; includeInIndex = 1; lastKnownFileType = text.xcconfig; name = "Pods-MDBSocialsTests.release.xcconfig"; path = "Pods/Target Support Files/Pods-MDBSocialsTests/Pods-MDBSocialsTests.release.xcconfig"; sourceTree = "<group>"; };
		C73F79819AF503A9197DBFDB /* Pods_MDBSocialsTests.framework */ = {isa = PBXFileReference; explicitFileType = wrapper.framework; includeInIndex = 0; path = Pods_MDBSocialsTests.framework; sourceTree = BUILT_PRODUCTS_DIR; };
		CCBC32ADE12986C333B5B323 /* Pods-MDBSocialsUITests.release.xcconfig */ = {isa = PBXFileReference; includeInIndex = 1; lastKnownFileType = text.xcconfig; name = "Pods-MDBSocialsUITests.release.xcconfig"; path = "Pods/Target Support Files/Pods-MDBSocialsUITests/Pods-MDBSocialsUITests.release.xcconfig"; sourceTree = "<group>"; };
		E53BD650A1139991733AF37D /* Pods-MDBSocials.debug.xcconfig */ = {isa = PBXFileReference; includeInIndex = 1; lastKnownFileType = text.xcconfig; name = "Pods-MDBSocials.debug.xcconfig"; path = "Pods/Target Support Files/Pods-MDBSocials/Pods-MDBSocials.debug.xcconfig"; sourceTree = "<group>"; };
		E8F60BAC22E038BE5F819653 /* Pods_MDBSocialsUITests.framework */ = {isa = PBXFileReference; explicitFileType = wrapper.framework; includeInIndex = 0; path = Pods_MDBSocialsUITests.framework; sourceTree = BUILT_PRODUCTS_DIR; };
/* End PBXFileReference section */

/* Begin PBXFrameworksBuildPhase section */
		51F8273E1E601FF30018E18F /* Frameworks */ = {
			isa = PBXFrameworksBuildPhase;
			buildActionMask = 2147483647;
			files = (
				04302AFF938C386AF5F966AD /* Pods_MDBSocials.framework in Frameworks */,
			);
			runOnlyForDeploymentPostprocessing = 0;
		};
		51F827521E601FF30018E18F /* Frameworks */ = {
			isa = PBXFrameworksBuildPhase;
			buildActionMask = 2147483647;
			files = (
				AAF3EE51F263478F2E1ADEBB /* Pods_MDBSocialsTests.framework in Frameworks */,
			);
			runOnlyForDeploymentPostprocessing = 0;
		};
		51F8275D1E601FF30018E18F /* Frameworks */ = {
			isa = PBXFrameworksBuildPhase;
			buildActionMask = 2147483647;
			files = (
				6C729EED7759DE6C81921653 /* Pods_MDBSocialsUITests.framework in Frameworks */,
			);
			runOnlyForDeploymentPostprocessing = 0;
		};
/* End PBXFrameworksBuildPhase section */

/* Begin PBXGroup section */
		51F827381E601FF30018E18F = {
			isa = PBXGroup;
			children = (
				51F827431E601FF30018E18F /* MDBSocials */,
				51F827581E601FF30018E18F /* MDBSocialsTests */,
				51F827631E601FF30018E18F /* MDBSocialsUITests */,
				51F827421E601FF30018E18F /* Products */,
				CC2E15E9B31DC1817CD5E543 /* Pods */,
				DF893F3089B3903B8D5EAAA4 /* Frameworks */,
			);
			sourceTree = "<group>";
		};
		51F827421E601FF30018E18F /* Products */ = {
			isa = PBXGroup;
			children = (
				51F827411E601FF30018E18F /* MDBSocials.app */,
				51F827551E601FF30018E18F /* MDBSocialsTests.xctest */,
				51F827601E601FF30018E18F /* MDBSocialsUITests.xctest */,
			);
			name = Products;
			sourceTree = "<group>";
		};
		51F827431E601FF30018E18F /* MDBSocials */ = {
			isa = PBXGroup;
			children = (
				51F827441E601FF30018E18F /* AppDelegate.swift */,
				51F827741E6021D40018E18F /* LoginViewController.swift */,
				51F827481E601FF30018E18F /* Main.storyboard */,
				51F8277A1E6049130018E18F /* FeedViewController.swift */,
				51F8278C1E61D2450018E18F /* NewSocialViewController.swift */,
				51F8278A1E61B6DF0018E18F /* DetailViewController.swift */,
				51F827CE1E69FCE70018E18F /* Constants.swift */,
				51F827CA1E6916BF0018E18F /* InterestedUsersTableViewCell.swift */,
				51F827CC1E6917D40018E18F /* InterestedUsersViewController.swift */,
				51F827821E6050490018E18F /* PostCollectionViewCell.swift */,
				51F827781E602B480018E18F /* SignupViewController.swift */,
				51F827861E6125740018E18F /* User.swift */,
				51F827841E60510B0018E18F /* Post.swift */,
				51F827881E61A3230018E18F /* GoogleService-Info.plist */,
				51F8274B1E601FF30018E18F /* Assets.xcassets */,
				51F8274D1E601FF30018E18F /* LaunchScreen.storyboard */,
				51F827501E601FF30018E18F /* Info.plist */,
			);
			path = MDBSocials;
			sourceTree = "<group>";
		};
		51F827581E601FF30018E18F /* MDBSocialsTests */ = {
			isa = PBXGroup;
			children = (
				51F827591E601FF30018E18F /* MDBSocialsTests.swift */,
				51F8275B1E601FF30018E18F /* Info.plist */,
			);
			path = MDBSocialsTests;
			sourceTree = "<group>";
		};
		51F827631E601FF30018E18F /* MDBSocialsUITests */ = {
			isa = PBXGroup;
			children = (
				51F827641E601FF30018E18F /* MDBSocialsUITests.swift */,
				51F827661E601FF30018E18F /* Info.plist */,
			);
			path = MDBSocialsUITests;
			sourceTree = "<group>";
		};
		CC2E15E9B31DC1817CD5E543 /* Pods */ = {
			isa = PBXGroup;
			children = (
				E53BD650A1139991733AF37D /* Pods-MDBSocials.debug.xcconfig */,
				5D190BEDADC11F3D96ED7098 /* Pods-MDBSocials.release.xcconfig */,
				9011DA15595570A87FDB703B /* Pods-MDBSocialsTests.debug.xcconfig */,
				B7B82E957A9E3E454C89C6F5 /* Pods-MDBSocialsTests.release.xcconfig */,
				5AEBB0DC4C0520EB605A1094 /* Pods-MDBSocialsUITests.debug.xcconfig */,
				CCBC32ADE12986C333B5B323 /* Pods-MDBSocialsUITests.release.xcconfig */,
			);
			name = Pods;
			sourceTree = "<group>";
		};
		DF893F3089B3903B8D5EAAA4 /* Frameworks */ = {
			isa = PBXGroup;
			children = (
				2993B183A1529E19FC6A2BB7 /* Pods_MDBSocials.framework */,
				C73F79819AF503A9197DBFDB /* Pods_MDBSocialsTests.framework */,
				E8F60BAC22E038BE5F819653 /* Pods_MDBSocialsUITests.framework */,
			);
			name = Frameworks;
			sourceTree = "<group>";
		};
/* End PBXGroup section */

/* Begin PBXNativeTarget section */
		51F827401E601FF30018E18F /* MDBSocials */ = {
			isa = PBXNativeTarget;
			buildConfigurationList = 51F827691E601FF30018E18F /* Build configuration list for PBXNativeTarget "MDBSocials" */;
			buildPhases = (
				2905FC87E4BF6C09E9847731 /* [CP] Check Pods Manifest.lock */,
				51F8273D1E601FF30018E18F /* Sources */,
				51F8273E1E601FF30018E18F /* Frameworks */,
				51F8273F1E601FF30018E18F /* Resources */,
				4C656F0D6B8DE8FA6D8FD8D6 /* [CP] Embed Pods Frameworks */,
				84C65B5C212261D36C52D8EB /* [CP] Copy Pods Resources */,
			);
			buildRules = (
			);
			dependencies = (
			);
			name = MDBSocials;
			productName = MDBSocials;
			productReference = 51F827411E601FF30018E18F /* MDBSocials.app */;
			productType = "com.apple.product-type.application";
		};
		51F827541E601FF30018E18F /* MDBSocialsTests */ = {
			isa = PBXNativeTarget;
			buildConfigurationList = 51F8276C1E601FF30018E18F /* Build configuration list for PBXNativeTarget "MDBSocialsTests" */;
			buildPhases = (
				FE04B243D9C71D04E7BBB8F4 /* [CP] Check Pods Manifest.lock */,
				51F827511E601FF30018E18F /* Sources */,
				51F827521E601FF30018E18F /* Frameworks */,
				51F827531E601FF30018E18F /* Resources */,
				4206091C599B63A26175F90F /* [CP] Embed Pods Frameworks */,
				A21963C89CD3C66D79022C42 /* [CP] Copy Pods Resources */,
			);
			buildRules = (
			);
			dependencies = (
				51F827571E601FF30018E18F /* PBXTargetDependency */,
			);
			name = MDBSocialsTests;
			productName = MDBSocialsTests;
			productReference = 51F827551E601FF30018E18F /* MDBSocialsTests.xctest */;
			productType = "com.apple.product-type.bundle.unit-test";
		};
		51F8275F1E601FF30018E18F /* MDBSocialsUITests */ = {
			isa = PBXNativeTarget;
			buildConfigurationList = 51F8276F1E601FF30018E18F /* Build configuration list for PBXNativeTarget "MDBSocialsUITests" */;
			buildPhases = (
				0767A146E3684C55BA4C86BB /* [CP] Check Pods Manifest.lock */,
				51F8275C1E601FF30018E18F /* Sources */,
				51F8275D1E601FF30018E18F /* Frameworks */,
				51F8275E1E601FF30018E18F /* Resources */,
				17E8304D3812A90D3C6B64AE /* [CP] Embed Pods Frameworks */,
				350B3B3E9230204DE205BD92 /* [CP] Copy Pods Resources */,
			);
			buildRules = (
			);
			dependencies = (
				51F827621E601FF30018E18F /* PBXTargetDependency */,
			);
			name = MDBSocialsUITests;
			productName = MDBSocialsUITests;
			productReference = 51F827601E601FF30018E18F /* MDBSocialsUITests.xctest */;
			productType = "com.apple.product-type.bundle.ui-testing";
		};
/* End PBXNativeTarget section */

/* Begin PBXProject section */
		51F827391E601FF30018E18F /* Project object */ = {
			isa = PBXProject;
			attributes = {
				LastSwiftUpdateCheck = 0820;
				LastUpgradeCheck = 0820;
				ORGANIZATIONNAME = "Shireen Warrier";
				TargetAttributes = {
					51F827401E601FF30018E18F = {
						CreatedOnToolsVersion = 8.2.1;
						DevelopmentTeam = 2R645SJG33;
						ProvisioningStyle = Automatic;
					};
					51F827541E601FF30018E18F = {
						CreatedOnToolsVersion = 8.2.1;
						DevelopmentTeam = 2R645SJG33;
						ProvisioningStyle = Automatic;
						TestTargetID = 51F827401E601FF30018E18F;
					};
					51F8275F1E601FF30018E18F = {
						CreatedOnToolsVersion = 8.2.1;
						DevelopmentTeam = 2R645SJG33;
						ProvisioningStyle = Automatic;
						TestTargetID = 51F827401E601FF30018E18F;
					};
				};
			};
			buildConfigurationList = 51F8273C1E601FF30018E18F /* Build configuration list for PBXProject "MDBSocials" */;
			compatibilityVersion = "Xcode 3.2";
			developmentRegion = English;
			hasScannedForEncodings = 0;
			knownRegions = (
				en,
				Base,
			);
			mainGroup = 51F827381E601FF30018E18F;
			productRefGroup = 51F827421E601FF30018E18F /* Products */;
			projectDirPath = "";
			projectRoot = "";
			targets = (
				51F827401E601FF30018E18F /* MDBSocials */,
				51F827541E601FF30018E18F /* MDBSocialsTests */,
				51F8275F1E601FF30018E18F /* MDBSocialsUITests */,
			);
		};
/* End PBXProject section */

/* Begin PBXResourcesBuildPhase section */
		51F8273F1E601FF30018E18F /* Resources */ = {
			isa = PBXResourcesBuildPhase;
			buildActionMask = 2147483647;
			files = (
				51F827891E61A3230018E18F /* GoogleService-Info.plist in Resources */,
				51F8274F1E601FF30018E18F /* LaunchScreen.storyboard in Resources */,
				51F8274C1E601FF30018E18F /* Assets.xcassets in Resources */,
				51F8274A1E601FF30018E18F /* Main.storyboard in Resources */,
			);
			runOnlyForDeploymentPostprocessing = 0;
		};
		51F827531E601FF30018E18F /* Resources */ = {
			isa = PBXResourcesBuildPhase;
			buildActionMask = 2147483647;
			files = (
			);
			runOnlyForDeploymentPostprocessing = 0;
		};
		51F8275E1E601FF30018E18F /* Resources */ = {
			isa = PBXResourcesBuildPhase;
			buildActionMask = 2147483647;
			files = (
			);
			runOnlyForDeploymentPostprocessing = 0;
		};
/* End PBXResourcesBuildPhase section */

/* Begin PBXShellScriptBuildPhase section */
		0767A146E3684C55BA4C86BB /* [CP] Check Pods Manifest.lock */ = {
			isa = PBXShellScriptBuildPhase;
			buildActionMask = 2147483647;
			files = (
			);
			inputPaths = (
			);
			name = "[CP] Check Pods Manifest.lock";
			outputPaths = (
			);
			runOnlyForDeploymentPostprocessing = 0;
			shellPath = /bin/sh;
			shellScript = "diff \"${PODS_ROOT}/../Podfile.lock\" \"${PODS_ROOT}/Manifest.lock\" > /dev/null\nif [ $? != 0 ] ; then\n    # print error to STDERR\n    echo \"error: The sandbox is not in sync with the Podfile.lock. Run 'pod install' or update your CocoaPods installation.\" >&2\n    exit 1\nfi\n";
			showEnvVarsInLog = 0;
		};
		17E8304D3812A90D3C6B64AE /* [CP] Embed Pods Frameworks */ = {
			isa = PBXShellScriptBuildPhase;
			buildActionMask = 2147483647;
			files = (
			);
			inputPaths = (
			);
			name = "[CP] Embed Pods Frameworks";
			outputPaths = (
			);
			runOnlyForDeploymentPostprocessing = 0;
			shellPath = /bin/sh;
			shellScript = "\"${SRCROOT}/Pods/Target Support Files/Pods-MDBSocialsUITests/Pods-MDBSocialsUITests-frameworks.sh\"\n";
			showEnvVarsInLog = 0;
		};
		2905FC87E4BF6C09E9847731 /* [CP] Check Pods Manifest.lock */ = {
			isa = PBXShellScriptBuildPhase;
			buildActionMask = 2147483647;
			files = (
			);
			inputPaths = (
			);
			name = "[CP] Check Pods Manifest.lock";
			outputPaths = (
			);
			runOnlyForDeploymentPostprocessing = 0;
			shellPath = /bin/sh;
			shellScript = "diff \"${PODS_ROOT}/../Podfile.lock\" \"${PODS_ROOT}/Manifest.lock\" > /dev/null\nif [ $? != 0 ] ; then\n    # print error to STDERR\n    echo \"error: The sandbox is not in sync with the Podfile.lock. Run 'pod install' or update your CocoaPods installation.\" >&2\n    exit 1\nfi\n";
			showEnvVarsInLog = 0;
		};
		350B3B3E9230204DE205BD92 /* [CP] Copy Pods Resources */ = {
			isa = PBXShellScriptBuildPhase;
			buildActionMask = 2147483647;
			files = (
			);
			inputPaths = (
			);
			name = "[CP] Copy Pods Resources";
			outputPaths = (
			);
			runOnlyForDeploymentPostprocessing = 0;
			shellPath = /bin/sh;
			shellScript = "\"${SRCROOT}/Pods/Target Support Files/Pods-MDBSocialsUITests/Pods-MDBSocialsUITests-resources.sh\"\n";
			showEnvVarsInLog = 0;
		};
		4206091C599B63A26175F90F /* [CP] Embed Pods Frameworks */ = {
			isa = PBXShellScriptBuildPhase;
			buildActionMask = 2147483647;
			files = (
			);
			inputPaths = (
			);
			name = "[CP] Embed Pods Frameworks";
			outputPaths = (
			);
			runOnlyForDeploymentPostprocessing = 0;
			shellPath = /bin/sh;
			shellScript = "\"${SRCROOT}/Pods/Target Support Files/Pods-MDBSocialsTests/Pods-MDBSocialsTests-frameworks.sh\"\n";
			showEnvVarsInLog = 0;
		};
		4C656F0D6B8DE8FA6D8FD8D6 /* [CP] Embed Pods Frameworks */ = {
			isa = PBXShellScriptBuildPhase;
			buildActionMask = 2147483647;
			files = (
			);
			inputPaths = (
			);
			name = "[CP] Embed Pods Frameworks";
			outputPaths = (
			);
			runOnlyForDeploymentPostprocessing = 0;
			shellPath = /bin/sh;
			shellScript = "\"${SRCROOT}/Pods/Target Support Files/Pods-MDBSocials/Pods-MDBSocials-frameworks.sh\"\n";
			showEnvVarsInLog = 0;
		};
		84C65B5C212261D36C52D8EB /* [CP] Copy Pods Resources */ = {
			isa = PBXShellScriptBuildPhase;
			buildActionMask = 2147483647;
			files = (
			);
			inputPaths = (
			);
			name = "[CP] Copy Pods Resources";
			outputPaths = (
			);
			runOnlyForDeploymentPostprocessing = 0;
			shellPath = /bin/sh;
			shellScript = "\"${SRCROOT}/Pods/Target Support Files/Pods-MDBSocials/Pods-MDBSocials-resources.sh\"\n";
			showEnvVarsInLog = 0;
		};
		A21963C89CD3C66D79022C42 /* [CP] Copy Pods Resources */ = {
			isa = PBXShellScriptBuildPhase;
			buildActionMask = 2147483647;
			files = (
			);
			inputPaths = (
			);
			name = "[CP] Copy Pods Resources";
			outputPaths = (
			);
			runOnlyForDeploymentPostprocessing = 0;
			shellPath = /bin/sh;
			shellScript = "\"${SRCROOT}/Pods/Target Support Files/Pods-MDBSocialsTests/Pods-MDBSocialsTests-resources.sh\"\n";
			showEnvVarsInLog = 0;
		};
		FE04B243D9C71D04E7BBB8F4 /* [CP] Check Pods Manifest.lock */ = {
			isa = PBXShellScriptBuildPhase;
			buildActionMask = 2147483647;
			files = (
			);
			inputPaths = (
			);
			name = "[CP] Check Pods Manifest.lock";
			outputPaths = (
			);
			runOnlyForDeploymentPostprocessing = 0;
			shellPath = /bin/sh;
			shellScript = "diff \"${PODS_ROOT}/../Podfile.lock\" \"${PODS_ROOT}/Manifest.lock\" > /dev/null\nif [ $? != 0 ] ; then\n    # print error to STDERR\n    echo \"error: The sandbox is not in sync with the Podfile.lock. Run 'pod install' or update your CocoaPods installation.\" >&2\n    exit 1\nfi\n";
			showEnvVarsInLog = 0;
		};
/* End PBXShellScriptBuildPhase section */

/* Begin PBXSourcesBuildPhase section */
		51F8273D1E601FF30018E18F /* Sources */ = {
			isa = PBXSourcesBuildPhase;
			buildActionMask = 2147483647;
			files = (
				51F827831E6050490018E18F /* PostCollectionViewCell.swift in Sources */,
				51F827791E602B480018E18F /* SignupViewController.swift in Sources */,
				51F827751E6021D40018E18F /* LoginViewController.swift in Sources */,
				51F827851E60510B0018E18F /* Post.swift in Sources */,
				51F8277B1E6049130018E18F /* FeedViewController.swift in Sources */,
				51F8278D1E61D2450018E18F /* NewSocialViewController.swift in Sources */,
				51F827451E601FF30018E18F /* AppDelegate.swift in Sources */,
				51F827871E6125740018E18F /* User.swift in Sources */,
				51F8278B1E61B6DF0018E18F /* DetailViewController.swift in Sources */,
				51F827CD1E6917D40018E18F /* InterestedUsersViewController.swift in Sources */,
				51F827CB1E6916BF0018E18F /* InterestedUsersTableViewCell.swift in Sources */,
				51F827CF1E69FCE70018E18F /* Constants.swift in Sources */,
			);
			runOnlyForDeploymentPostprocessing = 0;
		};
		51F827511E601FF30018E18F /* Sources */ = {
			isa = PBXSourcesBuildPhase;
			buildActionMask = 2147483647;
			files = (
				51F8275A1E601FF30018E18F /* MDBSocialsTests.swift in Sources */,
			);
			runOnlyForDeploymentPostprocessing = 0;
		};
		51F8275C1E601FF30018E18F /* Sources */ = {
			isa = PBXSourcesBuildPhase;
			buildActionMask = 2147483647;
			files = (
				51F827651E601FF30018E18F /* MDBSocialsUITests.swift in Sources */,
			);
			runOnlyForDeploymentPostprocessing = 0;
		};
/* End PBXSourcesBuildPhase section */

/* Begin PBXTargetDependency section */
		51F827571E601FF30018E18F /* PBXTargetDependency */ = {
			isa = PBXTargetDependency;
			target = 51F827401E601FF30018E18F /* MDBSocials */;
			targetProxy = 51F827561E601FF30018E18F /* PBXContainerItemProxy */;
		};
		51F827621E601FF30018E18F /* PBXTargetDependency */ = {
			isa = PBXTargetDependency;
			target = 51F827401E601FF30018E18F /* MDBSocials */;
			targetProxy = 51F827611E601FF30018E18F /* PBXContainerItemProxy */;
		};
/* End PBXTargetDependency section */

/* Begin PBXVariantGroup section */
		51F827481E601FF30018E18F /* Main.storyboard */ = {
			isa = PBXVariantGroup;
			children = (
				51F827491E601FF30018E18F /* Base */,
			);
			name = Main.storyboard;
			sourceTree = "<group>";
		};
		51F8274D1E601FF30018E18F /* LaunchScreen.storyboard */ = {
			isa = PBXVariantGroup;
			children = (
				51F8274E1E601FF30018E18F /* Base */,
			);
			name = LaunchScreen.storyboard;
			sourceTree = "<group>";
		};
/* End PBXVariantGroup section */

/* Begin XCBuildConfiguration section */
		51F827671E601FF30018E18F /* Debug */ = {
			isa = XCBuildConfiguration;
			buildSettings = {
				ALWAYS_SEARCH_USER_PATHS = NO;
				CLANG_ANALYZER_NONNULL = YES;
				CLANG_CXX_LANGUAGE_STANDARD = "gnu++0x";
				CLANG_CXX_LIBRARY = "libc++";
				CLANG_ENABLE_MODULES = YES;
				CLANG_ENABLE_OBJC_ARC = YES;
				CLANG_WARN_BOOL_CONVERSION = YES;
				CLANG_WARN_CONSTANT_CONVERSION = YES;
				CLANG_WARN_DIRECT_OBJC_ISA_USAGE = YES_ERROR;
				CLANG_WARN_DOCUMENTATION_COMMENTS = YES;
				CLANG_WARN_EMPTY_BODY = YES;
				CLANG_WARN_ENUM_CONVERSION = YES;
				CLANG_WARN_INFINITE_RECURSION = YES;
				CLANG_WARN_INT_CONVERSION = YES;
				CLANG_WARN_OBJC_ROOT_CLASS = YES_ERROR;
				CLANG_WARN_SUSPICIOUS_MOVE = YES;
				CLANG_WARN_UNREACHABLE_CODE = YES;
				CLANG_WARN__DUPLICATE_METHOD_MATCH = YES;
				"CODE_SIGN_IDENTITY[sdk=iphoneos*]" = "iPhone Developer";
				COPY_PHASE_STRIP = NO;
				DEBUG_INFORMATION_FORMAT = dwarf;
				ENABLE_STRICT_OBJC_MSGSEND = YES;
				ENABLE_TESTABILITY = YES;
				GCC_C_LANGUAGE_STANDARD = gnu99;
				GCC_DYNAMIC_NO_PIC = NO;
				GCC_NO_COMMON_BLOCKS = YES;
				GCC_OPTIMIZATION_LEVEL = 0;
				GCC_PREPROCESSOR_DEFINITIONS = (
					"DEBUG=1",
					"$(inherited)",
				);
				GCC_WARN_64_TO_32_BIT_CONVERSION = YES;
				GCC_WARN_ABOUT_RETURN_TYPE = YES_ERROR;
				GCC_WARN_UNDECLARED_SELECTOR = YES;
				GCC_WARN_UNINITIALIZED_AUTOS = YES_AGGRESSIVE;
				GCC_WARN_UNUSED_FUNCTION = YES;
				GCC_WARN_UNUSED_VARIABLE = YES;
				IPHONEOS_DEPLOYMENT_TARGET = 10.2;
				MTL_ENABLE_DEBUG_INFO = YES;
				ONLY_ACTIVE_ARCH = YES;
				SDKROOT = iphoneos;
				SWIFT_ACTIVE_COMPILATION_CONDITIONS = DEBUG;
				SWIFT_OPTIMIZATION_LEVEL = "-Onone";
			};
			name = Debug;
		};
		51F827681E601FF30018E18F /* Release */ = {
			isa = XCBuildConfiguration;
			buildSettings = {
				ALWAYS_SEARCH_USER_PATHS = NO;
				CLANG_ANALYZER_NONNULL = YES;
				CLANG_CXX_LANGUAGE_STANDARD = "gnu++0x";
				CLANG_CXX_LIBRARY = "libc++";
				CLANG_ENABLE_MODULES = YES;
				CLANG_ENABLE_OBJC_ARC = YES;
				CLANG_WARN_BOOL_CONVERSION = YES;
				CLANG_WARN_CONSTANT_CONVERSION = YES;
				CLANG_WARN_DIRECT_OBJC_ISA_USAGE = YES_ERROR;
				CLANG_WARN_DOCUMENTATION_COMMENTS = YES;
				CLANG_WARN_EMPTY_BODY = YES;
				CLANG_WARN_ENUM_CONVERSION = YES;
				CLANG_WARN_INFINITE_RECURSION = YES;
				CLANG_WARN_INT_CONVERSION = YES;
				CLANG_WARN_OBJC_ROOT_CLASS = YES_ERROR;
				CLANG_WARN_SUSPICIOUS_MOVE = YES;
				CLANG_WARN_UNREACHABLE_CODE = YES;
				CLANG_WARN__DUPLICATE_METHOD_MATCH = YES;
				"CODE_SIGN_IDENTITY[sdk=iphoneos*]" = "iPhone Developer";
				COPY_PHASE_STRIP = NO;
				DEBUG_INFORMATION_FORMAT = "dwarf-with-dsym";
				ENABLE_NS_ASSERTIONS = NO;
				ENABLE_STRICT_OBJC_MSGSEND = YES;
				GCC_C_LANGUAGE_STANDARD = gnu99;
				GCC_NO_COMMON_BLOCKS = YES;
				GCC_WARN_64_TO_32_BIT_CONVERSION = YES;
				GCC_WARN_ABOUT_RETURN_TYPE = YES_ERROR;
				GCC_WARN_UNDECLARED_SELECTOR = YES;
				GCC_WARN_UNINITIALIZED_AUTOS = YES_AGGRESSIVE;
				GCC_WARN_UNUSED_FUNCTION = YES;
				GCC_WARN_UNUSED_VARIABLE = YES;
				IPHONEOS_DEPLOYMENT_TARGET = 10.2;
				MTL_ENABLE_DEBUG_INFO = NO;
				SDKROOT = iphoneos;
				SWIFT_OPTIMIZATION_LEVEL = "-Owholemodule";
				VALIDATE_PRODUCT = YES;
			};
			name = Release;
		};
		51F8276A1E601FF30018E18F /* Debug */ = {
			isa = XCBuildConfiguration;
			baseConfigurationReference = E53BD650A1139991733AF37D /* Pods-MDBSocials.debug.xcconfig */;
			buildSettings = {
				ASSETCATALOG_COMPILER_APPICON_NAME = AppIcon;
				DEVELOPMENT_TEAM = 2R645SJG33;
				INFOPLIST_FILE = MDBSocials/Info.plist;
				LD_RUNPATH_SEARCH_PATHS = "$(inherited) @executable_path/Frameworks";
				PRODUCT_BUNDLE_IDENTIFIER = com.shireen.warrier.MDBSocials;
				PRODUCT_NAME = "$(TARGET_NAME)";
				SWIFT_VERSION = 3.0;
			};
			name = Debug;
		};
		51F8276B1E601FF30018E18F /* Release */ = {
			isa = XCBuildConfiguration;
			baseConfigurationReference = 5D190BEDADC11F3D96ED7098 /* Pods-MDBSocials.release.xcconfig */;
			buildSettings = {
				ASSETCATALOG_COMPILER_APPICON_NAME = AppIcon;
				DEVELOPMENT_TEAM = 2R645SJG33;
				INFOPLIST_FILE = MDBSocials/Info.plist;
				LD_RUNPATH_SEARCH_PATHS = "$(inherited) @executable_path/Frameworks";
				PRODUCT_BUNDLE_IDENTIFIER = com.shireen.warrier.MDBSocials;
				PRODUCT_NAME = "$(TARGET_NAME)";
				SWIFT_VERSION = 3.0;
			};
			name = Release;
		};
		51F8276D1E601FF30018E18F /* Debug */ = {
			isa = XCBuildConfiguration;
			baseConfigurationReference = 9011DA15595570A87FDB703B /* Pods-MDBSocialsTests.debug.xcconfig */;
			buildSettings = {
				ALWAYS_EMBED_SWIFT_STANDARD_LIBRARIES = YES;
				BUNDLE_LOADER = "$(TEST_HOST)";
				DEVELOPMENT_TEAM = 2R645SJG33;
				INFOPLIST_FILE = MDBSocialsTests/Info.plist;
				LD_RUNPATH_SEARCH_PATHS = "$(inherited) @executable_path/Frameworks @loader_path/Frameworks";
				PRODUCT_BUNDLE_IDENTIFIER = com.shireen.warrier.MDBSocialsTests;
				PRODUCT_NAME = "$(TARGET_NAME)";
				SWIFT_VERSION = 3.0;
				TEST_HOST = "$(BUILT_PRODUCTS_DIR)/MDBSocials.app/MDBSocials";
			};
			name = Debug;
		};
		51F8276E1E601FF30018E18F /* Release */ = {
			isa = XCBuildConfiguration;
			baseConfigurationReference = B7B82E957A9E3E454C89C6F5 /* Pods-MDBSocialsTests.release.xcconfig */;
			buildSettings = {
				ALWAYS_EMBED_SWIFT_STANDARD_LIBRARIES = YES;
				BUNDLE_LOADER = "$(TEST_HOST)";
				DEVELOPMENT_TEAM = 2R645SJG33;
				INFOPLIST_FILE = MDBSocialsTests/Info.plist;
				LD_RUNPATH_SEARCH_PATHS = "$(inherited) @executable_path/Frameworks @loader_path/Frameworks";
				PRODUCT_BUNDLE_IDENTIFIER = com.shireen.warrier.MDBSocialsTests;
				PRODUCT_NAME = "$(TARGET_NAME)";
				SWIFT_VERSION = 3.0;
				TEST_HOST = "$(BUILT_PRODUCTS_DIR)/MDBSocials.app/MDBSocials";
			};
			name = Release;
		};
		51F827701E601FF30018E18F /* Debug */ = {
			isa = XCBuildConfiguration;
			baseConfigurationReference = 5AEBB0DC4C0520EB605A1094 /* Pods-MDBSocialsUITests.debug.xcconfig */;
			buildSettings = {
				ALWAYS_EMBED_SWIFT_STANDARD_LIBRARIES = YES;
				DEVELOPMENT_TEAM = 2R645SJG33;
				INFOPLIST_FILE = MDBSocialsUITests/Info.plist;
				LD_RUNPATH_SEARCH_PATHS = "$(inherited) @executable_path/Frameworks @loader_path/Frameworks";
				PRODUCT_BUNDLE_IDENTIFIER = com.shireen.warrier.MDBSocialsUITests;
				PRODUCT_NAME = "$(TARGET_NAME)";
				SWIFT_VERSION = 3.0;
				TEST_TARGET_NAME = MDBSocials;
			};
			name = Debug;
		};
		51F827711E601FF30018E18F /* Release */ = {
			isa = XCBuildConfiguration;
			baseConfigurationReference = CCBC32ADE12986C333B5B323 /* Pods-MDBSocialsUITests.release.xcconfig */;
			buildSettings = {
				ALWAYS_EMBED_SWIFT_STANDARD_LIBRARIES = YES;
				DEVELOPMENT_TEAM = 2R645SJG33;
				INFOPLIST_FILE = MDBSocialsUITests/Info.plist;
				LD_RUNPATH_SEARCH_PATHS = "$(inherited) @executable_path/Frameworks @loader_path/Frameworks";
				PRODUCT_BUNDLE_IDENTIFIER = com.shireen.warrier.MDBSocialsUITests;
				PRODUCT_NAME = "$(TARGET_NAME)";
				SWIFT_VERSION = 3.0;
				TEST_TARGET_NAME = MDBSocials;
			};
			name = Release;
		};
/* End XCBuildConfiguration section */

/* Begin XCConfigurationList section */
		51F8273C1E601FF30018E18F /* Build configuration list for PBXProject "MDBSocials" */ = {
			isa = XCConfigurationList;
			buildConfigurations = (
				51F827671E601FF30018E18F /* Debug */,
				51F827681E601FF30018E18F /* Release */,
			);
			defaultConfigurationIsVisible = 0;
			defaultConfigurationName = Release;
		};
		51F827691E601FF30018E18F /* Build configuration list for PBXNativeTarget "MDBSocials" */ = {
			isa = XCConfigurationList;
			buildConfigurations = (
				51F8276A1E601FF30018E18F /* Debug */,
				51F8276B1E601FF30018E18F /* Release */,
			);
			defaultConfigurationIsVisible = 0;
			defaultConfigurationName = Release;
		};
		51F8276C1E601FF30018E18F /* Build configuration list for PBXNativeTarget "MDBSocialsTests" */ = {
			isa = XCConfigurationList;
			buildConfigurations = (
				51F8276D1E601FF30018E18F /* Debug */,
				51F8276E1E601FF30018E18F /* Release */,
			);
			defaultConfigurationIsVisible = 0;
			defaultConfigurationName = Release;
		};
		51F8276F1E601FF30018E18F /* Build configuration list for PBXNativeTarget "MDBSocialsUITests" */ = {
			isa = XCConfigurationList;
			buildConfigurations = (
				51F827701E601FF30018E18F /* Debug */,
				51F827711E601FF30018E18F /* Release */,
			);
			defaultConfigurationIsVisible = 0;
			defaultConfigurationName = Release;
		};
/* End XCConfigurationList section */
	};
	rootObject = 51F827391E601FF30018E18F /* Project object */;
}
